{
  "name": "scc-state",
  "version": "1.7.0",
  "lockfileVersion": 1,
  "requires": true,
  "dependencies": {
    "async": {
      "version": "2.0.0",
      "resolved": "https://registry.npmjs.org/async/-/async-2.0.0.tgz",
      "integrity": "sha1-0JAK04WvE4BFQKEJxCFm4657K50=",
      "requires": {
        "lodash": "4.13.1"
      }
    },
    "async-limiter": {
      "version": "1.0.0",
      "resolved": "https://registry.npmjs.org/async-limiter/-/async-limiter-1.0.0.tgz",
      "integrity": "sha1-ePrtjD0HSrgfIrTphdeehzj3IPg="
    },
    "base64id": {
      "version": "0.1.0",
      "resolved": "https://registry.npmjs.org/base64id/-/base64id-0.1.0.tgz",
      "integrity": "sha1-As4P3u4M709ACA4ec+g08LG/zj8="
    },
    "base64url": {
      "version": "2.0.0",
      "resolved": "https://registry.npmjs.org/base64url/-/base64url-2.0.0.tgz",
      "integrity": "sha1-6sFuA+oUOO/5Qj1puqNiYu0fcLs="
    },
    "buffer-equal-constant-time": {
      "version": "1.0.1",
      "resolved": "https://registry.npmjs.org/buffer-equal-constant-time/-/buffer-equal-constant-time-1.0.1.tgz",
      "integrity": "sha1-+OcRMvf/5uAaXJaXpMbz5I1cyBk="
    },
    "component-emitter": {
      "version": "1.2.1",
      "resolved": "https://registry.npmjs.org/component-emitter/-/component-emitter-1.2.1.tgz",
      "integrity": "sha1-E3kY1teCg/ffemt8WmPhQOaUJeY="
    },
    "ecdsa-sig-formatter": {
      "version": "1.0.9",
      "resolved": "https://registry.npmjs.org/ecdsa-sig-formatter/-/ecdsa-sig-formatter-1.0.9.tgz",
      "integrity": "sha1-S8kmJ07Dtau1AW5+HWCSGsJisqE=",
      "requires": {
        "base64url": "2.0.0",
        "safe-buffer": "5.1.1"
      }
    },
    "jsonwebtoken": {
      "version": "8.2.0",
      "resolved": "https://registry.npmjs.org/jsonwebtoken/-/jsonwebtoken-8.2.0.tgz",
      "integrity": "sha1-aQ7DqefpXiiENHzj6eudOJqlmLM=",
      "requires": {
        "jws": "3.1.4",
        "lodash.includes": "4.3.0",
        "lodash.isboolean": "3.0.3",
        "lodash.isinteger": "4.0.4",
        "lodash.isnumber": "3.0.3",
        "lodash.isplainobject": "4.0.6",
        "lodash.isstring": "4.0.1",
        "lodash.once": "4.1.1",
        "ms": "2.1.1",
        "xtend": "4.0.1"
      }
    },
    "jwa": {
      "version": "1.1.5",
      "resolved": "https://registry.npmjs.org/jwa/-/jwa-1.1.5.tgz",
      "integrity": "sha1-oFUs4CIHQs1S4VN3SjKQXDDnVuU=",
      "requires": {
        "base64url": "2.0.0",
        "buffer-equal-constant-time": "1.0.1",
        "ecdsa-sig-formatter": "1.0.9",
        "safe-buffer": "5.1.1"
      }
    },
    "jws": {
      "version": "3.1.4",
      "resolved": "https://registry.npmjs.org/jws/-/jws-3.1.4.tgz",
      "integrity": "sha1-+ei5M46KhHJ31kRLFGT2GIDgUKI=",
      "requires": {
        "base64url": "2.0.0",
        "jwa": "1.1.5",
        "safe-buffer": "5.1.1"
      }
    },
    "lodash": {
      "version": "4.13.1",
      "resolved": "https://registry.npmjs.org/lodash/-/lodash-4.13.1.tgz",
      "integrity": "sha1-g+SxCRP0hJbU0W/sSlYK8u50S2g="
    },
    "lodash.clonedeep": {
      "version": "4.5.0",
      "resolved": "https://registry.npmjs.org/lodash.clonedeep/-/lodash.clonedeep-4.5.0.tgz",
      "integrity": "sha1-4j8/nE+Pvd6HJSnBBxhXoIblzO8="
    },
    "lodash.includes": {
      "version": "4.3.0",
      "resolved": "https://registry.npmjs.org/lodash.includes/-/lodash.includes-4.3.0.tgz",
      "integrity": "sha1-YLuYqHy5I8aMoeUTJUgzFISfVT8="
    },
    "lodash.isboolean": {
      "version": "3.0.3",
      "resolved": "https://registry.npmjs.org/lodash.isboolean/-/lodash.isboolean-3.0.3.tgz",
      "integrity": "sha1-bC4XHbKiV82WgC/UOwGyDV9YcPY="
    },
    "lodash.isinteger": {
      "version": "4.0.4",
      "resolved": "https://registry.npmjs.org/lodash.isinteger/-/lodash.isinteger-4.0.4.tgz",
      "integrity": "sha1-YZwK89A/iwTDH1iChAt3sRzWg0M="
    },
    "lodash.isnumber": {
      "version": "3.0.3",
      "resolved": "https://registry.npmjs.org/lodash.isnumber/-/lodash.isnumber-3.0.3.tgz",
      "integrity": "sha1-POdoEMWSjQM1IwGsKHMX8RwLH/w="
    },
    "lodash.isplainobject": {
      "version": "4.0.6",
      "resolved": "https://registry.npmjs.org/lodash.isplainobject/-/lodash.isplainobject-4.0.6.tgz",
      "integrity": "sha1-fFJqUtibRcRcxpC4gWO+BJf1UMs="
    },
    "lodash.isstring": {
      "version": "4.0.1",
      "resolved": "https://registry.npmjs.org/lodash.isstring/-/lodash.isstring-4.0.1.tgz",
      "integrity": "sha1-1SfftUVuynzJu5XV2ur4i6VKVFE="
    },
    "lodash.once": {
      "version": "4.1.1",
      "resolved": "https://registry.npmjs.org/lodash.once/-/lodash.once-4.1.1.tgz",
      "integrity": "sha1-DdOXEhPHxW34gJd9UEyI+0cal6w="
    },
    "minimist": {
      "version": "1.2.0",
      "resolved": "https://registry.npmjs.org/minimist/-/minimist-1.2.0.tgz",
      "integrity": "sha1-o1AIsg9BOD7sH7kU9M1d95omQoQ="
    },
    "ms": {
      "version": "2.1.1",
      "resolved": "https://registry.npmjs.org/ms/-/ms-2.1.1.tgz",
      "integrity": "sha1-MKWGTrPrsKZvLr5tcnrwagnYbgo="
    },
    "safe-buffer": {
      "version": "5.1.1",
      "resolved": "https://registry.npmjs.org/safe-buffer/-/safe-buffer-5.1.1.tgz",
      "integrity": "sha1-iTMSr2myEj3vcfV4iQAWce6yyFM="
    },
    "sc-auth": {
      "version": "5.0.0",
      "resolved": "https://registry.npmjs.org/sc-auth/-/sc-auth-5.0.0.tgz",
      "integrity": "sha1-ySdiDQDMuJ5oAs9l+c1+MB/Psus=",
      "requires": {
        "jsonwebtoken": "8.2.0",
        "sc-errors": "1.4.0"
      }
    },
    "sc-channel": {
      "version": "1.1.0",
      "resolved": "https://registry.npmjs.org/sc-channel/-/sc-channel-1.1.0.tgz",
      "integrity": "sha512-zuIiFWr45oKcjqmyzUuodMPSiS9lYsgiuuvC0EOkqLZffw0aZMGj5FsD4OSbzV/BeTJYPwzEq0P/IJd/2pqcnw==",
      "requires": {
        "component-emitter": "1.2.1"
      }
    },
    "sc-errors": {
      "version": "1.4.0",
      "resolved": "https://registry.npmjs.org/sc-errors/-/sc-errors-1.4.0.tgz",
      "integrity": "sha1-JUWY5W1EoCYBHNCdrNkNy4ewaI0="
    },
    "sc-formatter": {
      "version": "3.0.2",
      "resolved": "https://registry.npmjs.org/sc-formatter/-/sc-formatter-3.0.2.tgz",
      "integrity": "sha1-mr2xTnGHPOcVdxTTACR3u9szxOY="
    },
    "sc-simple-broker": {
      "version": "2.1.0",
      "resolved": "https://registry.npmjs.org/sc-simple-broker/-/sc-simple-broker-2.1.0.tgz",
      "integrity": "sha512-/w1B+94bDnbHvlWPBr5CoxQ19dzTJR6glbs89RPc1h46sjdYuiZUdjmc7lwsRc/pDfDA7ZU8LzxVUQuxIY4xpw==",
      "requires": {
        "sc-channel": "1.1.0"
      }
    },
    "socketcluster-server": {
      "version": "10.1.0",
      "resolved": "https://registry.npmjs.org/socketcluster-server/-/socketcluster-server-10.1.0.tgz",
      "integrity": "sha1-vP8j5o1dbP6jfLQH7tIKe7Yeh+k=",
      "requires": {
        "async": "2.0.0",
        "base64id": "0.1.0",
        "component-emitter": "1.2.1",
        "lodash.clonedeep": "4.5.0",
        "sc-auth": "5.0.0",
        "sc-errors": "1.4.0",
        "sc-formatter": "3.0.2",
        "sc-simple-broker": "2.1.0",
        "uuid": "3.1.0",
        "uws": "9.14.0",
        "ws": "3.3.3"
      }
    },
    "ultron": {
      "version": "1.1.1",
      "resolved": "https://registry.npmjs.org/ultron/-/ultron-1.1.1.tgz",
      "integrity": "sha1-n+FTahCmZKZSZqHjzPhf02MCvJw="
    },
    "uuid": {
      "version": "3.1.0",
      "resolved": "https://registry.npmjs.org/uuid/-/uuid-3.1.0.tgz",
      "integrity": "sha512-DIWtzUkw04M4k3bf1IcpS2tngXEL26YUD2M0tMDUpnUrz2hgzUBlD55a4FjdLGPvfHxS6uluGWvaVEqgBcVa+g=="
    },
    "uws": {
      "version": "9.14.0",
      "resolved": "https://registry.npmjs.org/uws/-/uws-9.14.0.tgz",
      "integrity": "sha1-+sg4a+/DOno3BcvVjcR7Qwyk3ZU="
    },
    "ws": {
      "version": "3.3.3",
      "resolved": "https://registry.npmjs.org/ws/-/ws-3.3.3.tgz",
      "integrity": "sha1-8c+E/i1ekB686U767OeF8YeiKPI=",
      "requires": {
        "async-limiter": "1.0.0",
        "safe-buffer": "5.1.1",
        "ultron": "1.1.1"
      }
    },
    "xtend": {
      "version": "4.0.1",
      "resolved": "https://registry.npmjs.org/xtend/-/xtend-4.0.1.tgz",
      "integrity": "sha1-pcbVMr5lbiPbgg77lDofBJmNY68="
    }
  }
}
