{
  "name": "scc-state",
  "version": "9.1.1",
  "lockfileVersion": 2,
  "requires": true,
  "packages": {
    "": {
      "name": "scc-state",
      "version": "9.1.1",
      "license": "MIT",
      "dependencies": {
        "eetase": "^6.0.0",
        "socketcluster-server": "^18.1.2"
      }
    },
    "node_modules/ag-auth": {
      "version": "2.0.0",
      "resolved": "https://registry.npmjs.org/ag-auth/-/ag-auth-2.0.0.tgz",
      "integrity": "sha512-gk5BgWzijPUaCMDYFtuggIlUDWGMlMSOdF/tdQa5sM7Nh0KowohFh3P3sx06gegufKWzWF97dwP/7hLg3CkqWg==",
      "dependencies": {
        "jsonwebtoken": "^9.0.0",
        "sc-errors": "^2.0.0"
      }
    },
    "node_modules/ag-channel": {
      "version": "5.0.0",
      "resolved": "https://registry.npmjs.org/ag-channel/-/ag-channel-5.0.0.tgz",
      "integrity": "sha512-bArHkdqQxynim981t8FLZM5TfA0v7p081OlFdOxs6clB79GSGcGlOQMDa31DT9F5VMjzqNiJmhfGwinvfU/3Zg==",
      "dependencies": {
        "consumable-stream": "^2.0.0"
      }
    },
    "node_modules/ag-request": {
      "version": "1.0.1",
      "resolved": "https://registry.npmjs.org/ag-request/-/ag-request-1.0.1.tgz",
      "integrity": "sha512-3F4pDpLy9mxOXop7LoWE78J5g2jmiEJ0gJfzcECOsf/NaCfyeNmOdNLDVM5dS4Hvbi9T+HENL4DmXq5XSotPaA==",
      "dependencies": {
        "sc-errors": "^2.0.2"
      }
    },
    "node_modules/ag-simple-broker": {
      "version": "5.0.1",
      "resolved": "https://registry.npmjs.org/ag-simple-broker/-/ag-simple-broker-5.0.1.tgz",
      "integrity": "sha512-bD/xiFZmfm/of5qwzqJ/GL4DsxrY7+SV3wGEI+BplpX+2qgIZyiNsKQeN+fhansCF2TScmP3I3lOGnABQ3QZZw==",
      "dependencies": {
        "ag-channel": "^5.0.0",
        "async-stream-emitter": "^6.0.1",
        "stream-demux": "^9.0.2"
      }
    },
    "node_modules/async-stream-emitter": {
      "version": "6.0.1",
      "resolved": "https://registry.npmjs.org/async-stream-emitter/-/async-stream-emitter-6.0.1.tgz",
      "integrity": "sha512-83l3jwRWnLxicAUWe0soECasl4eLgU2apMl9rdG/Pujng4k4sZyb6+Va1Msx1UUSZjVs9F6eWm1E/REJUbruZg==",
      "dependencies": {
        "stream-demux": "^9.0.2"
      }
    },
    "node_modules/base64id": {
      "version": "2.0.0",
      "resolved": "https://registry.npmjs.org/base64id/-/base64id-2.0.0.tgz",
      "integrity": "sha512-lGe34o6EHj9y3Kts9R4ZYs/Gr+6N7MCaMlIFA3F1R2O5/m7K06AxfSeO5530PEERE6/WyEg3lsuyw4GHlPZHog==",
      "engines": {
        "node": "^4.5.0 || >= 5.9"
      }
    },
    "node_modules/buffer-equal-constant-time": {
      "version": "1.0.1",
      "resolved": "https://registry.npmjs.org/buffer-equal-constant-time/-/buffer-equal-constant-time-1.0.1.tgz",
      "integrity": "sha512-zRpUiDwd/xk6ADqPMATG8vc9VPrkck7T07OIx0gnjmJAnHnTVXNQG3vfvWNuiZIkwu9KrKdA1iJKfsfTVxE6NA=="
    },
    "node_modules/clone-deep": {
      "version": "4.0.1",
      "resolved": "https://registry.npmjs.org/clone-deep/-/clone-deep-4.0.1.tgz",
      "integrity": "sha512-neHB9xuzh/wk0dIHweyAXv2aPGZIVk3pLMe+/RNzINf17fe0OG96QroktYAUm7SM1PBnzTabaLboqqxDyMU+SQ==",
      "dependencies": {
        "is-plain-object": "^2.0.4",
        "kind-of": "^6.0.2",
        "shallow-clone": "^3.0.0"
      },
      "engines": {
        "node": ">=6"
      }
    },
    "node_modules/consumable-stream": {
      "version": "2.0.0",
      "resolved": "https://registry.npmjs.org/consumable-stream/-/consumable-stream-2.0.0.tgz",
      "integrity": "sha512-I6WA2JVYXs/68rEvi1ie3rZjP6qusTVFEQkbzR+WC+fY56TpwiGTIDJETsrnlxv5CsnmK69ps6CkYvIbpEEqBA=="
    },
    "node_modules/ecdsa-sig-formatter": {
      "version": "1.0.11",
      "resolved": "https://registry.npmjs.org/ecdsa-sig-formatter/-/ecdsa-sig-formatter-1.0.11.tgz",
      "integrity": "sha512-nagl3RYrbNv6kQkeJIpt6NJZy8twLB/2vtz6yN9Z4vRKHN4/QZJIEbqohALSgwKdnksuY3k5Addp5lg8sVoVcQ==",
      "dependencies": {
        "safe-buffer": "^5.0.1"
      }
    },
    "node_modules/eetase": {
      "version": "6.0.0",
      "resolved": "https://registry.npmjs.org/eetase/-/eetase-6.0.0.tgz",
      "integrity": "sha512-AgnBm9wiLvWJUUF5TpitNDXrO3T2Xln/dxJUf8vXUwP2TW28k/PU/h6JNWnBR+FD/Jq2zM29aeD5p1UKSLRf5Q==",
      "dependencies": {
        "async-stream-emitter": "^6.0.1"
      }
    },
    "node_modules/is-plain-object": {
      "version": "2.0.4",
      "resolved": "https://registry.npmjs.org/is-plain-object/-/is-plain-object-2.0.4.tgz",
      "integrity": "sha512-h5PpgXkWitc38BBMYawTYMWJHFZJVnBquFE57xFpjB8pJFiF6gZ+bU+WyI/yqXiFR5mdLsgYNaPe8uao6Uv9Og==",
      "dependencies": {
        "isobject": "^3.0.1"
      },
      "engines": {
        "node": ">=0.10.0"
      }
    },
    "node_modules/isobject": {
      "version": "3.0.1",
      "resolved": "https://registry.npmjs.org/isobject/-/isobject-3.0.1.tgz",
      "integrity": "sha1-TkMekrEalzFjaqH5yNHMvP2reN8=",
      "engines": {
        "node": ">=0.10.0"
      }
    },
    "node_modules/jsonwebtoken": {
      "version": "9.0.0",
      "resolved": "https://registry.npmjs.org/jsonwebtoken/-/jsonwebtoken-9.0.0.tgz",
      "integrity": "sha512-tuGfYXxkQGDPnLJ7SibiQgVgeDgfbPq2k2ICcbgqW8WxWLBAxKQM/ZCu/IT8SOSwmaYl4dpTFCW5xZv7YbbWUw==",
      "dependencies": {
        "jws": "^3.2.2",
        "lodash": "^4.17.21",
        "ms": "^2.1.1",
        "semver": "^7.3.8"
      },
      "engines": {
        "node": ">=12",
        "npm": ">=6"
      }
    },
    "node_modules/jwa": {
      "version": "1.4.1",
      "resolved": "https://registry.npmjs.org/jwa/-/jwa-1.4.1.tgz",
      "integrity": "sha512-qiLX/xhEEFKUAJ6FiBMbes3w9ATzyk5W7Hvzpa/SLYdxNtng+gcurvrI7TbACjIXlsJyr05/S1oUhZrc63evQA==",
      "dependencies": {
        "buffer-equal-constant-time": "1.0.1",
        "ecdsa-sig-formatter": "1.0.11",
        "safe-buffer": "^5.0.1"
      }
    },
    "node_modules/jws": {
      "version": "3.2.2",
      "resolved": "https://registry.npmjs.org/jws/-/jws-3.2.2.tgz",
      "integrity": "sha512-YHlZCB6lMTllWDtSPHz/ZXTsi8S00usEV6v1tjq8tOUZzw7DpSDWVXjXDre6ed1w/pd495ODpHZYSdkRTsa0HA==",
      "dependencies": {
        "jwa": "^1.4.1",
        "safe-buffer": "^5.0.1"
      }
    },
    "node_modules/kind-of": {
      "version": "6.0.3",
      "resolved": "https://registry.npmjs.org/kind-of/-/kind-of-6.0.3.tgz",
      "integrity": "sha512-dcS1ul+9tmeD95T+x28/ehLgd9mENa3LsvDTtzm3vyBEO7RPptvAD+t44WVXaUjTBRcrpFeFlC8WCruUR456hw==",
      "engines": {
        "node": ">=0.10.0"
      }
    },
    "node_modules/lodash": {
      "version": "4.17.21",
      "resolved": "https://registry.npmjs.org/lodash/-/lodash-4.17.21.tgz",
      "integrity": "sha512-v2kDEe57lecTulaDIuNTPy3Ry4gLGJ6Z1O3vE1krgXZNrsQ+LFTGHVxVjcXPs17LhbZVGedAJv8XZ1tvj5FvSg=="
    },
    "node_modules/lru-cache": {
      "version": "6.0.0",
      "resolved": "https://registry.npmjs.org/lru-cache/-/lru-cache-6.0.0.tgz",
      "integrity": "sha512-Jo6dJ04CmSjuznwJSS3pUeWmd/H0ffTlkXXgwZi+eq1UCmqQwCh+eLsYOYCwY991i2Fah4h1BEMCx4qThGbsiA==",
      "dependencies": {
        "yallist": "^4.0.0"
      },
      "engines": {
        "node": ">=10"
      }
    },
    "node_modules/ms": {
      "version": "2.1.3",
      "resolved": "https://registry.npmjs.org/ms/-/ms-2.1.3.tgz",
      "integrity": "sha512-6FlzubTLZG3J2a/NVCAleEhjzq5oxgHyaCU9yYXvcLsvoVaHJq/s5xXI6/XXP6tz7R9xAOtHnSO/tXtF3WRTlA=="
    },
    "node_modules/safe-buffer": {
      "version": "5.2.1",
      "resolved": "https://registry.npmjs.org/safe-buffer/-/safe-buffer-5.2.1.tgz",
      "integrity": "sha512-rp3So07KcdmmKbGvgaNxQSJr7bGVSVk5S9Eq1F+ppbRo70+YeaDxkw5Dd8NPN+GD6bjnYm2VuPuCXmpuYvmCXQ==",
      "funding": [
        {
          "type": "github",
          "url": "https://github.com/sponsors/feross"
        },
        {
          "type": "patreon",
          "url": "https://www.patreon.com/feross"
        },
        {
          "type": "consulting",
          "url": "https://feross.org/support"
        }
      ]
    },
    "node_modules/sc-errors": {
      "version": "2.0.3",
      "resolved": "https://registry.npmjs.org/sc-errors/-/sc-errors-2.0.3.tgz",
      "integrity": "sha512-HNpClBWpo7zxLBnhH0U/FbC19Gl3OJlVyPxo9Q2eomfdWgYfd84uhqe0LRgybc+nSpcYjtF08+/dKPLugLMMeQ=="
    },
    "node_modules/sc-formatter": {
      "version": "4.0.0",
      "resolved": "https://registry.npmjs.org/sc-formatter/-/sc-formatter-4.0.0.tgz",
      "integrity": "sha512-MgUIvuca+90fBrCWY5LdlU9YUWjlkPFwdpvmomcwQEu3t2id/6YHdG2nhB6o7nhRp4ocfmcXQTh00r/tJtynSg=="
    },
    "node_modules/semver": {
      "version": "7.3.8",
      "resolved": "https://registry.npmjs.org/semver/-/semver-7.3.8.tgz",
      "integrity": "sha512-NB1ctGL5rlHrPJtFDVIVzTyQylMLu9N9VICA6HSFJo8MCGVTMW6gfpicwKmmK/dAjTOrqu5l63JJOpDSrAis3A==",
      "dependencies": {
        "lru-cache": "^6.0.0"
      },
      "bin": {
        "semver": "bin/semver.js"
      },
      "engines": {
        "node": ">=10"
      }
    },
    "node_modules/shallow-clone": {
      "version": "3.0.1",
      "resolved": "https://registry.npmjs.org/shallow-clone/-/shallow-clone-3.0.1.tgz",
      "integrity": "sha512-/6KqX+GVUdqPuPPd2LxDDxzX6CAbjJehAAOKlNpqqUpAqPM6HeL8f+o3a+JsyGjn2lv0WY8UsTgUJjU9Ok55NA==",
      "dependencies": {
        "kind-of": "^6.0.2"
      },
      "engines": {
        "node": ">=8"
      }
    },
    "node_modules/socketcluster-server": {
      "version": "18.1.2",
      "resolved": "https://registry.npmjs.org/socketcluster-server/-/socketcluster-server-18.1.2.tgz",
      "integrity": "sha512-5b1aqEdF1xOqQfM3S0sp9RWJ5GOz4znaxy+2RjNr0R4RJClNXn/10bBr9P7lh++6WFsJazZ//cGxaySBCvLKPA==",
      "dependencies": {
        "ag-auth": "^2.0.0",
        "ag-request": "^1.0.1",
        "ag-simple-broker": "^5.0.1",
        "async-stream-emitter": "^6.0.1",
        "base64id": "^2.0.0",
        "clone-deep": "^4.0.1",
        "sc-errors": "^2.0.3",
        "sc-formatter": "^4.0.0",
        "stream-demux": "^9.0.2",
        "writable-consumable-stream": "^4.0.1",
        "ws": "^8.9.0"
      }
    },
    "node_modules/stream-demux": {
      "version": "9.0.2",
      "resolved": "https://registry.npmjs.org/stream-demux/-/stream-demux-9.0.2.tgz",
      "integrity": "sha512-39X+Jf+HDCYIy/FUcsmFq/CrFhRAa+r3OAHyPFzD2VwfRiDKGcuOvOGstKLXipb/6AnY5bqoc4H2Z5fHq+dAyg==",
      "dependencies": {
        "consumable-stream": "^3.0.0",
        "writable-consumable-stream": "^4.0.1"
      }
    },
    "node_modules/stream-demux/node_modules/consumable-stream": {
      "version": "3.0.0",
      "resolved": "https://registry.npmjs.org/consumable-stream/-/consumable-stream-3.0.0.tgz",
      "integrity": "sha512-CnnsJ9OG9ouxAjt3pc63/DaerezRo/WudqU71pc5epaIUi7NHu2T4v+3f0nKbbCY7icS/TfQ1Satr9rwZ7Jwsg=="
    },
    "node_modules/writable-consumable-stream": {
      "version": "4.0.1",
      "resolved": "https://registry.npmjs.org/writable-consumable-stream/-/writable-consumable-stream-4.0.1.tgz",
      "integrity": "sha512-iFGcPiaENb4MjN12seViXs5hxuzqdac6Q+HkrZFHJDzw7pezyCsT1nw1h0W2OIu381xn1NAIvBllEGRtpuDuFw==",
      "dependencies": {
        "consumable-stream": "^3.0.0"
      }
    },
    "node_modules/writable-consumable-stream/node_modules/consumable-stream": {
      "version": "3.0.0",
      "resolved": "https://registry.npmjs.org/consumable-stream/-/consumable-stream-3.0.0.tgz",
      "integrity": "sha512-CnnsJ9OG9ouxAjt3pc63/DaerezRo/WudqU71pc5epaIUi7NHu2T4v+3f0nKbbCY7icS/TfQ1Satr9rwZ7Jwsg=="
    },
    "node_modules/ws": {
      "version": "8.13.0",
      "resolved": "https://registry.npmjs.org/ws/-/ws-8.13.0.tgz",
      "integrity": "sha512-x9vcZYTrFPC7aSIbj7sRCYo7L/Xb8Iy+pW0ng0wt2vCJv7M9HOMy0UoN3rr+IFC7hb7vXoqS+P9ktyLLLhO+LA==",
      "engines": {
        "node": ">=10.0.0"
      },
      "peerDependencies": {
        "bufferutil": "^4.0.1",
        "utf-8-validate": ">=5.0.2"
      },
      "peerDependenciesMeta": {
        "bufferutil": {
          "optional": true
        },
        "utf-8-validate": {
          "optional": true
        }
      }
    },
    "node_modules/yallist": {
      "version": "4.0.0",
      "resolved": "https://registry.npmjs.org/yallist/-/yallist-4.0.0.tgz",
      "integrity": "sha512-3wdGidZyq5PB084XLES5TpOSRA3wjXAlIWMhum2kRcv/41Sn2emQ0dycQW4uZXLejwKvg6EsvbdlVL+FYEct7A=="
    }
  },
  "dependencies": {
    "ag-auth": {
      "version": "2.0.0",
      "resolved": "https://registry.npmjs.org/ag-auth/-/ag-auth-2.0.0.tgz",
      "integrity": "sha512-gk5BgWzijPUaCMDYFtuggIlUDWGMlMSOdF/tdQa5sM7Nh0KowohFh3P3sx06gegufKWzWF97dwP/7hLg3CkqWg==",
      "requires": {
        "jsonwebtoken": "^9.0.0",
        "sc-errors": "^2.0.0"
      }
    },
    "ag-channel": {
      "version": "5.0.0",
      "resolved": "https://registry.npmjs.org/ag-channel/-/ag-channel-5.0.0.tgz",
      "integrity": "sha512-bArHkdqQxynim981t8FLZM5TfA0v7p081OlFdOxs6clB79GSGcGlOQMDa31DT9F5VMjzqNiJmhfGwinvfU/3Zg==",
      "requires": {
        "consumable-stream": "^2.0.0"
      }
    },
    "ag-request": {
      "version": "1.0.1",
      "resolved": "https://registry.npmjs.org/ag-request/-/ag-request-1.0.1.tgz",
      "integrity": "sha512-3F4pDpLy9mxOXop7LoWE78J5g2jmiEJ0gJfzcECOsf/NaCfyeNmOdNLDVM5dS4Hvbi9T+HENL4DmXq5XSotPaA==",
      "requires": {
        "sc-errors": "^2.0.2"
      }
    },
    "ag-simple-broker": {
      "version": "5.0.1",
      "resolved": "https://registry.npmjs.org/ag-simple-broker/-/ag-simple-broker-5.0.1.tgz",
      "integrity": "sha512-bD/xiFZmfm/of5qwzqJ/GL4DsxrY7+SV3wGEI+BplpX+2qgIZyiNsKQeN+fhansCF2TScmP3I3lOGnABQ3QZZw==",
      "requires": {
        "ag-channel": "^5.0.0",
        "async-stream-emitter": "^6.0.1",
        "stream-demux": "^9.0.2"
      }
    },
    "async-stream-emitter": {
      "version": "6.0.1",
      "resolved": "https://registry.npmjs.org/async-stream-emitter/-/async-stream-emitter-6.0.1.tgz",
      "integrity": "sha512-83l3jwRWnLxicAUWe0soECasl4eLgU2apMl9rdG/Pujng4k4sZyb6+Va1Msx1UUSZjVs9F6eWm1E/REJUbruZg==",
      "requires": {
        "stream-demux": "^9.0.2"
      }
    },
    "base64id": {
      "version": "2.0.0",
      "resolved": "https://registry.npmjs.org/base64id/-/base64id-2.0.0.tgz",
      "integrity": "sha512-lGe34o6EHj9y3Kts9R4ZYs/Gr+6N7MCaMlIFA3F1R2O5/m7K06AxfSeO5530PEERE6/WyEg3lsuyw4GHlPZHog=="
    },
    "buffer-equal-constant-time": {
      "version": "1.0.1",
      "resolved": "https://registry.npmjs.org/buffer-equal-constant-time/-/buffer-equal-constant-time-1.0.1.tgz",
      "integrity": "sha512-zRpUiDwd/xk6ADqPMATG8vc9VPrkck7T07OIx0gnjmJAnHnTVXNQG3vfvWNuiZIkwu9KrKdA1iJKfsfTVxE6NA=="
    },
    "clone-deep": {
      "version": "4.0.1",
      "resolved": "https://registry.npmjs.org/clone-deep/-/clone-deep-4.0.1.tgz",
      "integrity": "sha512-neHB9xuzh/wk0dIHweyAXv2aPGZIVk3pLMe+/RNzINf17fe0OG96QroktYAUm7SM1PBnzTabaLboqqxDyMU+SQ==",
      "requires": {
        "is-plain-object": "^2.0.4",
        "kind-of": "^6.0.2",
        "shallow-clone": "^3.0.0"
      }
    },
    "consumable-stream": {
      "version": "2.0.0",
      "resolved": "https://registry.npmjs.org/consumable-stream/-/consumable-stream-2.0.0.tgz",
      "integrity": "sha512-I6WA2JVYXs/68rEvi1ie3rZjP6qusTVFEQkbzR+WC+fY56TpwiGTIDJETsrnlxv5CsnmK69ps6CkYvIbpEEqBA=="
    },
    "ecdsa-sig-formatter": {
      "version": "1.0.11",
      "resolved": "https://registry.npmjs.org/ecdsa-sig-formatter/-/ecdsa-sig-formatter-1.0.11.tgz",
      "integrity": "sha512-nagl3RYrbNv6kQkeJIpt6NJZy8twLB/2vtz6yN9Z4vRKHN4/QZJIEbqohALSgwKdnksuY3k5Addp5lg8sVoVcQ==",
      "requires": {
        "safe-buffer": "^5.0.1"
      }
    },
    "eetase": {
      "version": "6.0.0",
      "resolved": "https://registry.npmjs.org/eetase/-/eetase-6.0.0.tgz",
      "integrity": "sha512-AgnBm9wiLvWJUUF5TpitNDXrO3T2Xln/dxJUf8vXUwP2TW28k/PU/h6JNWnBR+FD/Jq2zM29aeD5p1UKSLRf5Q==",
      "requires": {
        "async-stream-emitter": "^6.0.1"
      }
    },
    "is-plain-object": {
      "version": "2.0.4",
      "resolved": "https://registry.npmjs.org/is-plain-object/-/is-plain-object-2.0.4.tgz",
      "integrity": "sha512-h5PpgXkWitc38BBMYawTYMWJHFZJVnBquFE57xFpjB8pJFiF6gZ+bU+WyI/yqXiFR5mdLsgYNaPe8uao6Uv9Og==",
      "requires": {
        "isobject": "^3.0.1"
      }
    },
    "isobject": {
      "version": "3.0.1",
      "resolved": "https://registry.npmjs.org/isobject/-/isobject-3.0.1.tgz",
      "integrity": "sha1-TkMekrEalzFjaqH5yNHMvP2reN8="
    },
    "jsonwebtoken": {
      "version": "9.0.0",
      "resolved": "https://registry.npmjs.org/jsonwebtoken/-/jsonwebtoken-9.0.0.tgz",
      "integrity": "sha512-tuGfYXxkQGDPnLJ7SibiQgVgeDgfbPq2k2ICcbgqW8WxWLBAxKQM/ZCu/IT8SOSwmaYl4dpTFCW5xZv7YbbWUw==",
      "requires": {
        "jws": "^3.2.2",
        "lodash": "^4.17.21",
        "ms": "^2.1.1",
        "semver": "^7.3.8"
      }
    },
    "jwa": {
      "version": "1.4.1",
      "resolved": "https://registry.npmjs.org/jwa/-/jwa-1.4.1.tgz",
      "integrity": "sha512-qiLX/xhEEFKUAJ6FiBMbes3w9ATzyk5W7Hvzpa/SLYdxNtng+gcurvrI7TbACjIXlsJyr05/S1oUhZrc63evQA==",
      "requires": {
        "buffer-equal-constant-time": "1.0.1",
        "ecdsa-sig-formatter": "1.0.11",
        "safe-buffer": "^5.0.1"
      }
    },
    "jws": {
      "version": "3.2.2",
      "resolved": "https://registry.npmjs.org/jws/-/jws-3.2.2.tgz",
      "integrity": "sha512-YHlZCB6lMTllWDtSPHz/ZXTsi8S00usEV6v1tjq8tOUZzw7DpSDWVXjXDre6ed1w/pd495ODpHZYSdkRTsa0HA==",
      "requires": {
        "jwa": "^1.4.1",
        "safe-buffer": "^5.0.1"
      }
    },
    "kind-of": {
      "version": "6.0.3",
      "resolved": "https://registry.npmjs.org/kind-of/-/kind-of-6.0.3.tgz",
      "integrity": "sha512-dcS1ul+9tmeD95T+x28/ehLgd9mENa3LsvDTtzm3vyBEO7RPptvAD+t44WVXaUjTBRcrpFeFlC8WCruUR456hw=="
    },
    "lodash": {
      "version": "4.17.21",
      "resolved": "https://registry.npmjs.org/lodash/-/lodash-4.17.21.tgz",
      "integrity": "sha512-v2kDEe57lecTulaDIuNTPy3Ry4gLGJ6Z1O3vE1krgXZNrsQ+LFTGHVxVjcXPs17LhbZVGedAJv8XZ1tvj5FvSg=="
    },
    "lru-cache": {
      "version": "6.0.0",
      "resolved": "https://registry.npmjs.org/lru-cache/-/lru-cache-6.0.0.tgz",
      "integrity": "sha512-Jo6dJ04CmSjuznwJSS3pUeWmd/H0ffTlkXXgwZi+eq1UCmqQwCh+eLsYOYCwY991i2Fah4h1BEMCx4qThGbsiA==",
      "requires": {
        "yallist": "^4.0.0"
      }
    },
    "ms": {
      "version": "2.1.3",
      "resolved": "https://registry.npmjs.org/ms/-/ms-2.1.3.tgz",
      "integrity": "sha512-6FlzubTLZG3J2a/NVCAleEhjzq5oxgHyaCU9yYXvcLsvoVaHJq/s5xXI6/XXP6tz7R9xAOtHnSO/tXtF3WRTlA=="
    },
    "safe-buffer": {
      "version": "5.2.1",
      "resolved": "https://registry.npmjs.org/safe-buffer/-/safe-buffer-5.2.1.tgz",
      "integrity": "sha512-rp3So07KcdmmKbGvgaNxQSJr7bGVSVk5S9Eq1F+ppbRo70+YeaDxkw5Dd8NPN+GD6bjnYm2VuPuCXmpuYvmCXQ=="
    },
    "sc-errors": {
      "version": "2.0.3",
      "resolved": "https://registry.npmjs.org/sc-errors/-/sc-errors-2.0.3.tgz",
      "integrity": "sha512-HNpClBWpo7zxLBnhH0U/FbC19Gl3OJlVyPxo9Q2eomfdWgYfd84uhqe0LRgybc+nSpcYjtF08+/dKPLugLMMeQ=="
    },
    "sc-formatter": {
      "version": "4.0.0",
      "resolved": "https://registry.npmjs.org/sc-formatter/-/sc-formatter-4.0.0.tgz",
      "integrity": "sha512-MgUIvuca+90fBrCWY5LdlU9YUWjlkPFwdpvmomcwQEu3t2id/6YHdG2nhB6o7nhRp4ocfmcXQTh00r/tJtynSg=="
    },
    "semver": {
      "version": "7.3.8",
      "resolved": "https://registry.npmjs.org/semver/-/semver-7.3.8.tgz",
      "integrity": "sha512-NB1ctGL5rlHrPJtFDVIVzTyQylMLu9N9VICA6HSFJo8MCGVTMW6gfpicwKmmK/dAjTOrqu5l63JJOpDSrAis3A==",
      "requires": {
        "lru-cache": "^6.0.0"
      }
    },
    "shallow-clone": {
      "version": "3.0.1",
      "resolved": "https://registry.npmjs.org/shallow-clone/-/shallow-clone-3.0.1.tgz",
      "integrity": "sha512-/6KqX+GVUdqPuPPd2LxDDxzX6CAbjJehAAOKlNpqqUpAqPM6HeL8f+o3a+JsyGjn2lv0WY8UsTgUJjU9Ok55NA==",
      "requires": {
        "kind-of": "^6.0.2"
      }
    },
    "socketcluster-server": {
      "version": "18.1.2",
      "resolved": "https://registry.npmjs.org/socketcluster-server/-/socketcluster-server-18.1.2.tgz",
      "integrity": "sha512-5b1aqEdF1xOqQfM3S0sp9RWJ5GOz4znaxy+2RjNr0R4RJClNXn/10bBr9P7lh++6WFsJazZ//cGxaySBCvLKPA==",
      "requires": {
        "ag-auth": "^2.0.0",
        "ag-request": "^1.0.1",
        "ag-simple-broker": "^5.0.1",
        "async-stream-emitter": "^6.0.1",
        "base64id": "^2.0.0",
        "clone-deep": "^4.0.1",
        "sc-errors": "^2.0.3",
        "sc-formatter": "^4.0.0",
        "stream-demux": "^9.0.2",
        "writable-consumable-stream": "^4.0.1",
        "ws": "^8.9.0"
      }
    },
    "stream-demux": {
      "version": "9.0.2",
      "resolved": "https://registry.npmjs.org/stream-demux/-/stream-demux-9.0.2.tgz",
      "integrity": "sha512-39X+Jf+HDCYIy/FUcsmFq/CrFhRAa+r3OAHyPFzD2VwfRiDKGcuOvOGstKLXipb/6AnY5bqoc4H2Z5fHq+dAyg==",
      "requires": {
        "consumable-stream": "^3.0.0",
        "writable-consumable-stream": "^4.0.1"
      },
      "dependencies": {
        "consumable-stream": {
          "version": "3.0.0",
          "resolved": "https://registry.npmjs.org/consumable-stream/-/consumable-stream-3.0.0.tgz",
          "integrity": "sha512-CnnsJ9OG9ouxAjt3pc63/DaerezRo/WudqU71pc5epaIUi7NHu2T4v+3f0nKbbCY7icS/TfQ1Satr9rwZ7Jwsg=="
        }
      }
    },
    "writable-consumable-stream": {
      "version": "4.0.1",
      "resolved": "https://registry.npmjs.org/writable-consumable-stream/-/writable-consumable-stream-4.0.1.tgz",
      "integrity": "sha512-iFGcPiaENb4MjN12seViXs5hxuzqdac6Q+HkrZFHJDzw7pezyCsT1nw1h0W2OIu381xn1NAIvBllEGRtpuDuFw==",
      "requires": {
        "consumable-stream": "^3.0.0"
      },
      "dependencies": {
        "consumable-stream": {
          "version": "3.0.0",
          "resolved": "https://registry.npmjs.org/consumable-stream/-/consumable-stream-3.0.0.tgz",
          "integrity": "sha512-CnnsJ9OG9ouxAjt3pc63/DaerezRo/WudqU71pc5epaIUi7NHu2T4v+3f0nKbbCY7icS/TfQ1Satr9rwZ7Jwsg=="
        }
      }
    },
    "ws": {
      "version": "8.13.0",
      "resolved": "https://registry.npmjs.org/ws/-/ws-8.13.0.tgz",
      "integrity": "sha512-x9vcZYTrFPC7aSIbj7sRCYo7L/Xb8Iy+pW0ng0wt2vCJv7M9HOMy0UoN3rr+IFC7hb7vXoqS+P9ktyLLLhO+LA==",
      "requires": {}
    },
    "yallist": {
      "version": "4.0.0",
      "resolved": "https://registry.npmjs.org/yallist/-/yallist-4.0.0.tgz",
      "integrity": "sha512-3wdGidZyq5PB084XLES5TpOSRA3wjXAlIWMhum2kRcv/41Sn2emQ0dycQW4uZXLejwKvg6EsvbdlVL+FYEct7A=="
    }
  }
}
